
Microsoft Visual Studio Solution File, Format Version 12.00
# Visual Studio Version 17
VisualStudioVersion = 17.4.33213.308
MinimumVisualStudioVersion = 10.0.40219.1
Project("{FAE04EC0-301F-11D3-BF4B-00C04F79EFBC}") = "Biblioteca", "Biblioteca.csproj", "{AD936A81-A5A4-4999-984C-B652AFFF7254}"
EndProject
Global
	GlobalSection(SolutionConfigurationPlatforms) = preSolution
		Debug|Any CPU = Debug|Any CPU
		Release|Any CPU = Release|Any CPU
	EndGlobalSection
	GlobalSection(ProjectConfigurationPlatforms) = postSolution
		{AD936A81-A5A4-4999-984C-B652AFFF7254}.Debug|Any CPU.ActiveCfg = Debug|Any CPU
		{AD936A81-A5A4-4999-984C-B652AFFF7254}.Debug|Any CPU.Build.0 = Debug|Any CPU
		{AD936A81-A5A4-4999-984C-B652AFFF7254}.Release|Any CPU.ActiveCfg = Release|Any CPU
		{AD936A81-A5A4-4999-984C-B652AFFF7254}.Release|Any CPU.Build.0 = Release|Any CPU
	EndGlobalSection
	GlobalSection(SolutionProperties) = preSolution
		HideSolutionNode = FALSE
	EndGlobalSection
	GlobalSection(ExtensibilityGlobals) = postSolution
		SolutionGuid = {A2BDC46B-6011-49F6-B6B6-0F2880EC2CBE}
	EndGlobalSection
EndGlobal
